<?xml version="1.0" encoding="utf-8"?>
<Project ToolsVersion="4.0" xmlns="http://schemas.microsoft.com/developer/msbuild/2003">
  <ItemGroup>
    <Filter Include="source">
      <UniqueIdentifier>{4FC737F1-C7A5-4376-A066-2A32D752A2FF}</UniqueIdentifier>
      <Extensions>cpp;c;cc;cxx;def;odl;idl;hpj;bat;asm;asmx</Extensions>
    </Filter>
    <Filter Include="resource">
      <UniqueIdentifier>{93995380-89BD-4b04-88EB-625FBE52EBFB}</UniqueIdentifier>
      <Extensions>h;hh;hpp;hxx;hm;inl;inc;xsd</Extensions>
    </Filter>
    <Filter Include="source\0. base">
      <UniqueIdentifier>{6ac2bf3d-8397-47a1-ab98-0b59f8db2e5c}</UniqueIdentifier>
    </Filter>
    <Filter Include="source\game">
      <UniqueIdentifier>{ea493984-c621-473b-a10c-429f0a4f5714}</UniqueIdentifier>
    </Filter>
  </ItemGroup>
  <ItemGroup>
    <ClCompile Include="source\main.cpp">
      <Filter>source</Filter>
    </ClCompile>
    <ClCompile Include="source\game\game_board.cpp">
      <Filter>source\game</Filter>
    </ClCompile>
    <ClCompile Include="..\common\source\base_project.cpp">
      <Filter>source\0. base</Filter>
    </ClCompile>
  </ItemGroup>
  <ItemGroup>
    <ClInclude Include="source\game\game_board.h">
      <Filter>source\game</Filter>
    </ClInclude>
    <ClInclude Include="resource.h">
      <Filter>source\0. base</Filter>
    </ClInclude>
    <ClInclude Include="..\common\include\base_project.h">
      <Filter>source\0. base</Filter>
    </ClInclude>
  </ItemGroup>
  <ItemGroup>
    <ResourceCompile Include="001. 인덱스와 좌표의 변환.rc">
      <Filter>resource</Filter>
    </ResourceCompile>
  </ItemGroup>
  <ItemGroup>
    <Image Include="C:\Users\ruven\Desktop\이미지 모음\Ruvendix.ico">
      <Filter>resource</Filter>
    </Image>
  </ItemGroup>
</Project>