<?xml version="1.0" encoding="utf-8"?>
<Project ToolsVersion="4.0" xmlns="http://schemas.microsoft.com/developer/msbuild/2003">
  <ItemGroup>
    <Filter Include="Source">
      <UniqueIdentifier>{4FC737F1-C7A5-4376-A066-2A32D752A2FF}</UniqueIdentifier>
      <Extensions>cpp;c;cc;cxx;def;odl;idl;hpj;bat;asm;asmx</Extensions>
    </Filter>
    <Filter Include="Source\LogSystem">
      <UniqueIdentifier>{04c6b5e3-d997-49cd-a975-e66948ff02cb}</UniqueIdentifier>
    </Filter>
  </ItemGroup>
  <ItemGroup>
    <ClInclude Include="Source\LogBase.h">
      <Filter>Source\LogSystem</Filter>
    </ClInclude>
    <ClInclude Include="Source\ConsoleLog.h">
      <Filter>Source\LogSystem</Filter>
    </ClInclude>
  </ItemGroup>
  <ItemGroup>
    <ClCompile Include="Source\LogBase.cpp">
      <Filter>Source\LogSystem</Filter>
    </ClCompile>
    <ClCompile Include="Source\main.cpp">
      <Filter>Source</Filter>
    </ClCompile>
    <ClCompile Include="Source\ConsoleLog.cpp">
      <Filter>Source\LogSystem</Filter>
    </ClCompile>
  </ItemGroup>
</Project>